
Microsoft Visual Studio Solution File, Format Version 12.00
# Visual Studio Version 17
VisualStudioVersion = 17.4.33213.308
MinimumVisualStudioVersion = 10.0.40219.1
Project("{FAE04EC0-301F-11D3-BF4B-00C04F79EFBC}") = "MovieApplication", "MovieApplication\MovieApplication.csproj", "{DD43A6D9-2D01-416E-A791-F0A87ECEA2C2}"
EndProject
Global
	GlobalSection(SolutionConfigurationPlatforms) = preSolution
		Debug|Any CPU = Debug|Any CPU
		Release|Any CPU = Release|Any CPU
	EndGlobalSection
	GlobalSection(ProjectConfigurationPlatforms) = postSolution
		{DD43A6D9-2D01-416E-A791-F0A87ECEA2C2}.Debug|Any CPU.ActiveCfg = Debug|Any CPU
		{DD43A6D9-2D01-416E-A791-F0A87ECEA2C2}.Debug|Any CPU.Build.0 = Debug|Any CPU
		{DD43A6D9-2D01-416E-A791-F0A87ECEA2C2}.Release|Any CPU.ActiveCfg = Release|Any CPU
		{DD43A6D9-2D01-416E-A791-F0A87ECEA2C2}.Release|Any CPU.Build.0 = Release|Any CPU
	EndGlobalSection
	GlobalSection(SolutionProperties) = preSolution
		HideSolutionNode = FALSE
	EndGlobalSection
	GlobalSection(ExtensibilityGlobals) = postSolution
		SolutionGuid = {5B66FAFD-EE2D-44FA-806F-3FD76AC33FE1}
	EndGlobalSection
EndGlobal
